
Microsoft Visual Studio Solution File, Format Version 12.00
# Visual Studio Version 17
VisualStudioVersion = 17.4.33103.184
MinimumVisualStudioVersion = 10.0.40219.1
Project("{FAE04EC0-301F-11D3-BF4B-00C04F79EFBC}") = "RabotyagiProject.Dal", "RabotyagiProject.Dal\RabotyagiProject.Dal.csproj", "{88D52065-0DD5-406F-B4CC-312009A38CE3}"
EndProject
Global
	GlobalSection(SolutionConfigurationPlatforms) = preSolution
		Debug|Any CPU = Debug|Any CPU
		Release|Any CPU = Release|Any CPU
	EndGlobalSection
	GlobalSection(ProjectConfigurationPlatforms) = postSolution
		{88D52065-0DD5-406F-B4CC-312009A38CE3}.Debug|Any CPU.ActiveCfg = Debug|Any CPU
		{88D52065-0DD5-406F-B4CC-312009A38CE3}.Debug|Any CPU.Build.0 = Debug|Any CPU
		{88D52065-0DD5-406F-B4CC-312009A38CE3}.Release|Any CPU.ActiveCfg = Release|Any CPU
		{88D52065-0DD5-406F-B4CC-312009A38CE3}.Release|Any CPU.Build.0 = Release|Any CPU
	EndGlobalSection
	GlobalSection(SolutionProperties) = preSolution
		HideSolutionNode = FALSE
	EndGlobalSection
	GlobalSection(ExtensibilityGlobals) = postSolution
		SolutionGuid = {DD9D9DF8-A2EE-44A8-A210-F07F5E4B9FBC}
	EndGlobalSection
EndGlobal
